
Microsoft Visual Studio Solution File, Format Version 12.00
# Visual Studio Version 17
VisualStudioVersion = 17.0.32014.148
MinimumVisualStudioVersion = 10.0.40219.1
Project("{FAE04EC0-301F-11D3-BF4B-00C04F79EFBC}") = "Behance Natalia La Valle", "Behance Natalia La Valle\Behance Natalia La Valle.csproj", "{20C6765F-CBE8-4CB3-9C6D-421CB4E25F75}"
EndProject
Global
	GlobalSection(SolutionConfigurationPlatforms) = preSolution
		Debug|Any CPU = Debug|Any CPU
		Release|Any CPU = Release|Any CPU
	EndGlobalSection
	GlobalSection(ProjectConfigurationPlatforms) = postSolution
		{20C6765F-CBE8-4CB3-9C6D-421CB4E25F75}.Debug|Any CPU.ActiveCfg = Debug|Any CPU
		{20C6765F-CBE8-4CB3-9C6D-421CB4E25F75}.Debug|Any CPU.Build.0 = Debug|Any CPU
		{20C6765F-CBE8-4CB3-9C6D-421CB4E25F75}.Release|Any CPU.ActiveCfg = Release|Any CPU
		{20C6765F-CBE8-4CB3-9C6D-421CB4E25F75}.Release|Any CPU.Build.0 = Release|Any CPU
	EndGlobalSection
	GlobalSection(SolutionProperties) = preSolution
		HideSolutionNode = FALSE
	EndGlobalSection
	GlobalSection(ExtensibilityGlobals) = postSolution
		SolutionGuid = {77D10D3F-0DAF-4738-9998-C4C4EDD4537E}
	EndGlobalSection
EndGlobal
